
Microsoft Visual Studio Solution File, Format Version 12.00
# Visual Studio Version 17
VisualStudioVersion = 17.8.34408.163
MinimumVisualStudioVersion = 10.0.40219.1
Project("{FAE04EC0-301F-11D3-BF4B-00C04F79EFBC}") = "payrallproject", "payrallproject\payrallproject.csproj", "{207E8AA6-CA47-4C5E-A877-C521C462844C}"
EndProject
Global
	GlobalSection(SolutionConfigurationPlatforms) = preSolution
		Debug|Any CPU = Debug|Any CPU
		Release|Any CPU = Release|Any CPU
	EndGlobalSection
	GlobalSection(ProjectConfigurationPlatforms) = postSolution
		{207E8AA6-CA47-4C5E-A877-C521C462844C}.Debug|Any CPU.ActiveCfg = Debug|Any CPU
		{207E8AA6-CA47-4C5E-A877-C521C462844C}.Debug|Any CPU.Build.0 = Debug|Any CPU
		{207E8AA6-CA47-4C5E-A877-C521C462844C}.Release|Any CPU.ActiveCfg = Release|Any CPU
		{207E8AA6-CA47-4C5E-A877-C521C462844C}.Release|Any CPU.Build.0 = Release|Any CPU
	EndGlobalSection
	GlobalSection(SolutionProperties) = preSolution
		HideSolutionNode = FALSE
	EndGlobalSection
	GlobalSection(ExtensibilityGlobals) = postSolution
		SolutionGuid = {06DD9357-239D-4E7A-85F1-2D660FC66D8F}
	EndGlobalSection
EndGlobal
